PODS:
  - Bugly (2.5.91)
  - Flutter (1.0.0)
  - flutter_bugly (0.0.1):
    - Bugly
    - Flutter
  - fluttertoast (0.0.2):
    - Flutter
    - Toast
  - HydraAsync (2.0.6)
  - "permission_handler (5.1.0+2)":
    - Flutter
  - replay_kit_launcher (0.3.0):
    - Flutter
  - shared_preferences (0.0.1):
    - Flutter
  - tencent_im_sdk_plugin (1.0.5):
    - Flutter
    - HydraAsync
    - TXIMSDK_Plus_iOS (= 5.8.1668)
  - tencent_trtc_cloud (0.0.7):
    - Flutter
    - TXLiteAVSDK_TRTC (= 9.5.11004)
  - Toast (4.0.0)
  - TXIMSDK_Plus_iOS (5.8.1668)
  - TXLiteAVSDK_TRTC (9.5.11004)
  - url_launcher (0.0.1):
    - Flutter

DEPENDENCIES:
  - Flutter (from `Flutter`)
  - flutter_bugly (from `.symlinks/plugins/flutter_bugly/ios`)
  - fluttertoast (from `.symlinks/plugins/fluttertoast/ios`)
  - permission_handler (from `.symlinks/plugins/permission_handler/ios`)
  - replay_kit_launcher (from `.symlinks/plugins/replay_kit_launcher/ios`)
  - shared_preferences (from `.symlinks/plugins/shared_preferences/ios`)
  - tencent_im_sdk_plugin (from `.symlinks/plugins/tencent_im_sdk_plugin/ios`)
  - tencent_trtc_cloud (from `.symlinks/plugins/tencent_trtc_cloud/ios`)
  - url_launcher (from `.symlinks/plugins/url_launcher/ios`)

SPEC REPOS:
  trunk:
    - Bugly
    - HydraAsync
    - Toast
    - TXIMSDK_Plus_iOS
    - TXLiteAVSDK_TRTC

EXTERNAL SOURCES:
  Flutter:
    :path: Flutter
  flutter_bugly:
    :path: ".symlinks/plugins/flutter_bugly/ios"
  fluttertoast:
    :path: ".symlinks/plugins/fluttertoast/ios"
  permission_handler:
    :path: ".symlinks/plugins/permission_handler/ios"
  replay_kit_launcher:
    :path: ".symlinks/plugins/replay_kit_launcher/ios"
  shared_preferences:
    :path: ".symlinks/plugins/shared_preferences/ios"
  tencent_im_sdk_plugin:
    :path: ".symlinks/plugins/tencent_im_sdk_plugin/ios"
  tencent_trtc_cloud:
    :path: ".symlinks/plugins/tencent_trtc_cloud/ios"
  url_launcher:
    :path: ".symlinks/plugins/url_launcher/ios"

SPEC CHECKSUMS:
  Bugly: afe841bba2ea6de6d432a3c125240a5e75949c55
  Flutter: 434fef37c0980e73bb6479ef766c45957d4b510c
  flutter_bugly: c9800f4d5bc5bdc27ffdde3417a26ba44266e0c3
  fluttertoast: 6122fa75143e992b1d3470f61000f591a798cc58
  HydraAsync: 8d589bd725b0224f899afafc9a396327405f8063
  permission_handler: ccb20a9fad0ee9b1314a52b70b76b473c5f8dab0
  replay_kit_launcher: 9c6874fe17ce278a6f0e99e3698acf194480e9a2
  shared_preferences: af6bfa751691cdc24be3045c43ec037377ada40d
  tencent_im_sdk_plugin: b42d69c70d2b8dd8013e660bc6024c96de82cb05
  tencent_trtc_cloud: f522eb10ddd74baecc7a5e644478ff08dd018a07
  Toast: 91b396c56ee72a5790816f40d3a94dd357abc196
  TXIMSDK_Plus_iOS: e61e34c3dc6606549bff41b2abd7e2575af3813e
  TXLiteAVSDK_TRTC: 49d2f320fbb99c040a3d7287fe983cbbcc94f28b
  url_launcher: 6fef411d543ceb26efce54b05a0a40bfd74cbbef

PODFILE CHECKSUM: a75497545d4391e2d394c3668e20cfb1c2bbd4aa

COCOAPODS: 1.10.1
